
Microsoft Visual Studio Solution File, Format Version 12.00
# Visual Studio Version 17
VisualStudioVersion = 17.0.31903.59
MinimumVisualStudioVersion = 10.0.40219.1
Project("{2150E333-8FDC-42A3-9474-1A3956D46DE8}") = "src", "src", "{205A3174-F390-4574-89BA-4224F30D2FFA}"
EndProject
Project("{FAE04EC0-301F-11D3-BF4B-00C04F79EFBC}") = "AuctionService", "src\AuctionService\AuctionService.csproj", "{66388014-E619-4074-ADBB-42C185BCC043}"
EndProject
Project("{FAE04EC0-301F-11D3-BF4B-00C04F79EFBC}") = "SearchService", "src\SearchService\SearchService.csproj", "{2C89C432-2F17-4280-8BDB-B45738963003}"
EndProject
Project("{FAE04EC0-301F-11D3-BF4B-00C04F79EFBC}") = "Contracts", "src\Contracts\Contracts.csproj", "{6DC4A05F-50E1-48A5-9EFB-C85B12A8B0E6}"
EndProject
Project("{FAE04EC0-301F-11D3-BF4B-00C04F79EFBC}") = "IdentityService", "src\IdentityService\IdentityService.csproj", "{EA0B763F-5F49-47B3-8518-85F313890F7A}"
EndProject
Global
	GlobalSection(SolutionConfigurationPlatforms) = preSolution
		Debug|Any CPU = Debug|Any CPU
		Release|Any CPU = Release|Any CPU
	EndGlobalSection
	GlobalSection(SolutionProperties) = preSolution
		HideSolutionNode = FALSE
	EndGlobalSection
	GlobalSection(ProjectConfigurationPlatforms) = postSolution
		{66388014-E619-4074-ADBB-42C185BCC043}.Debug|Any CPU.ActiveCfg = Debug|Any CPU
		{66388014-E619-4074-ADBB-42C185BCC043}.Debug|Any CPU.Build.0 = Debug|Any CPU
		{66388014-E619-4074-ADBB-42C185BCC043}.Release|Any CPU.ActiveCfg = Release|Any CPU
		{66388014-E619-4074-ADBB-42C185BCC043}.Release|Any CPU.Build.0 = Release|Any CPU
		{2C89C432-2F17-4280-8BDB-B45738963003}.Debug|Any CPU.ActiveCfg = Debug|Any CPU
		{2C89C432-2F17-4280-8BDB-B45738963003}.Debug|Any CPU.Build.0 = Debug|Any CPU
		{2C89C432-2F17-4280-8BDB-B45738963003}.Release|Any CPU.ActiveCfg = Release|Any CPU
		{2C89C432-2F17-4280-8BDB-B45738963003}.Release|Any CPU.Build.0 = Release|Any CPU
		{6DC4A05F-50E1-48A5-9EFB-C85B12A8B0E6}.Debug|Any CPU.ActiveCfg = Debug|Any CPU
		{6DC4A05F-50E1-48A5-9EFB-C85B12A8B0E6}.Debug|Any CPU.Build.0 = Debug|Any CPU
		{6DC4A05F-50E1-48A5-9EFB-C85B12A8B0E6}.Release|Any CPU.ActiveCfg = Release|Any CPU
		{6DC4A05F-50E1-48A5-9EFB-C85B12A8B0E6}.Release|Any CPU.Build.0 = Release|Any CPU
		{EA0B763F-5F49-47B3-8518-85F313890F7A}.Debug|Any CPU.ActiveCfg = Debug|Any CPU
		{EA0B763F-5F49-47B3-8518-85F313890F7A}.Debug|Any CPU.Build.0 = Debug|Any CPU
		{EA0B763F-5F49-47B3-8518-85F313890F7A}.Release|Any CPU.ActiveCfg = Release|Any CPU
		{EA0B763F-5F49-47B3-8518-85F313890F7A}.Release|Any CPU.Build.0 = Release|Any CPU
	EndGlobalSection
	GlobalSection(NestedProjects) = preSolution
		{66388014-E619-4074-ADBB-42C185BCC043} = {205A3174-F390-4574-89BA-4224F30D2FFA}
		{2C89C432-2F17-4280-8BDB-B45738963003} = {205A3174-F390-4574-89BA-4224F30D2FFA}
		{6DC4A05F-50E1-48A5-9EFB-C85B12A8B0E6} = {205A3174-F390-4574-89BA-4224F30D2FFA}
		{EA0B763F-5F49-47B3-8518-85F313890F7A} = {205A3174-F390-4574-89BA-4224F30D2FFA}
	EndGlobalSection
EndGlobal
